{
  "name": "swmm-3d-web-ui",
  "lockfileVersion": 3,
  "requires": true,
  "packages": {
    "": {
      "name": "swmm-3d-web-ui",
      "devDependencies": {
        "triangle-wasm": "^1.0.0"
      }
    },
    "node_modules/triangle-wasm": {
      "version": "1.0.0",
      "resolved": "https://registry.npmjs.org/triangle-wasm/-/triangle-wasm-1.0.0.tgz",
      "integrity": "sha512-W5CRc6a7rtVBgpB2033H2FETOOPburRprXKuZOFbGel6lagV4+GwBGRJHX3IOX6SBGRus90AtbAZXlvsRLAj2w==",
      "dev": true,
      "license": "MIT"
    }
  }
}
